// !$*UTF8*$!
{
	archiveVersion = 1;
	classes = {
	};
	objectVersion = 50;
	objects = {

/* Begin PBXBuildFile section */
		C91D419F255DAA6D003A2A5F /* ipc.h in Headers */ = {isa = PBXBuildFile; fileRef = C91D419D255DAA6D003A2A5F /* ipc.h */; settings = {ATTRIBUTES = (Public, ); }; };
		C91D41AF255DAAAF003A2A5F /* ipc_misc.c in Sources */ = {isa = PBXBuildFile; fileRef = C91D41A6255DAAAE003A2A5F /* ipc_misc.c */; };
		C91D41B1255DAAAF003A2A5F /* ipc_internal.h in Headers */ = {isa = PBXBuildFile; fileRef = C91D41A8255DAAAE003A2A5F /* ipc_internal.h */; };
		C91D41B2255DAAAF003A2A5F /* ipc_connection.c in Sources */ = {isa = PBXBuildFile; fileRef = C91D41A9255DAAAE003A2A5F /* ipc_connection.c */; };
		C91D41B3255DAAAF003A2A5F /* ipc_type.c in Sources */ = {isa = PBXBuildFile; fileRef = C91D41AA255DAAAE003A2A5F /* ipc_type.c */; };
		C91D41B4255DAAAF003A2A5F /* ipc_array.c in Sources */ = {isa = PBXBuildFile; fileRef = C91D41AB255DAAAF003A2A5F /* ipc_array.c */; };
		C91D41B6255DAAAF003A2A5F /* ipc_dictionary.c in Sources */ = {isa = PBXBuildFile; fileRef = C91D41AD255DAAAF003A2A5F /* ipc_dictionary.c */; };
		C91D41D8255DAF92003A2A5F /* Foundation.framework in Frameworks */ = {isa = PBXBuildFile; fileRef = C91D41D7255DAF92003A2A5F /* Foundation.framework */; };
		C91D41E6255DAF92003A2A5F /* main.m in Sources */ = {isa = PBXBuildFile; fileRef = C91D41E5255DAF92003A2A5F /* main.m */; };
		C91D41F0255DB0E5003A2A5F /* ipc.framework in Frameworks */ = {isa = PBXBuildFile; fileRef = C91D419A255DAA6D003A2A5F /* ipc.framework */; };
		C91D41F9255DBE00003A2A5F /* AppDelegate.m in Sources */ = {isa = PBXBuildFile; fileRef = C91D41F8255DBE00003A2A5F /* AppDelegate.m */; };
		C91D41FC255DBE00003A2A5F /* SceneDelegate.m in Sources */ = {isa = PBXBuildFile; fileRef = C91D41FB255DBE00003A2A5F /* SceneDelegate.m */; };
		C91D41FF255DBE00003A2A5F /* ViewController.m in Sources */ = {isa = PBXBuildFile; fileRef = C91D41FE255DBE00003A2A5F /* ViewController.m */; };
		C91D4202255DBE00003A2A5F /* Main.storyboard in Resources */ = {isa = PBXBuildFile; fileRef = C91D4200255DBE00003A2A5F /* Main.storyboard */; };
		C91D4204255DBE02003A2A5F /* Assets.xcassets in Resources */ = {isa = PBXBuildFile; fileRef = C91D4203255DBE02003A2A5F /* Assets.xcassets */; };
		C91D4207255DBE02003A2A5F /* LaunchScreen.storyboard in Resources */ = {isa = PBXBuildFile; fileRef = C91D4205255DBE02003A2A5F /* LaunchScreen.storyboard */; };
		C91D420A255DBE02003A2A5F /* main.m in Sources */ = {isa = PBXBuildFile; fileRef = C91D4209255DBE02003A2A5F /* main.m */; };
		C91D4210255DBE16003A2A5F /* ipc.framework in Frameworks */ = {isa = PBXBuildFile; fileRef = C91D419A255DAA6D003A2A5F /* ipc.framework */; };
		C91D423C255EDECD003A2A5F /* mpack.h in Headers */ = {isa = PBXBuildFile; fileRef = C91D4239255EDECD003A2A5F /* mpack.h */; };
		C91D423D255EDECE003A2A5F /* mpack-config.h in Headers */ = {isa = PBXBuildFile; fileRef = C91D423A255EDECD003A2A5F /* mpack-config.h */; };
		C91D423E255EDECE003A2A5F /* mpack.c in Sources */ = {isa = PBXBuildFile; fileRef = C91D423B255EDECD003A2A5F /* mpack.c */; };
		C9233CEF25601B4400148EEE /* ipc_array.h in Headers */ = {isa = PBXBuildFile; fileRef = C9233CEE25601B4400148EEE /* ipc_array.h */; settings = {ATTRIBUTES = (Public, ); }; };
		C9233CF125601BE000148EEE /* ipc_dictionary.h in Headers */ = {isa = PBXBuildFile; fileRef = C9233CF025601BD900148EEE /* ipc_dictionary.h */; settings = {ATTRIBUTES = (Public, ); }; };
		C9233CF32560386C00148EEE /* ipc_connection.h in Headers */ = {isa = PBXBuildFile; fileRef = C9233CF22560386C00148EEE /* ipc_connection.h */; settings = {ATTRIBUTES = (Public, ); }; };
		C9233CF72560440D00148EEE /* unix.c in Sources */ = {isa = PBXBuildFile; fileRef = C9233CF62560440D00148EEE /* unix.c */; };
		C95A8E9E25839EC2005A693F /* base.h in Headers */ = {isa = PBXBuildFile; fileRef = C95A8E9D25839EC2005A693F /* base.h */; settings = {ATTRIBUTES = (Public, ); }; };
/* End PBXBuildFile section */

/* Begin PBXContainerItemProxy section */
		C91D41EE255DB0E0003A2A5F /* PBXContainerItemProxy */ = {
			isa = PBXContainerItemProxy;
			containerPortal = C91D4191255DAA6D003A2A5F /* Project object */;
			proxyType = 1;
			remoteGlobalIDString = C91D4199255DAA6D003A2A5F;
			remoteInfo = xpc_lite;
		};
		C91D420E255DBE12003A2A5F /* PBXContainerItemProxy */ = {
			isa = PBXContainerItemProxy;
			containerPortal = C91D4191255DAA6D003A2A5F /* Project object */;
			proxyType = 1;
			remoteGlobalIDString = C91D4199255DAA6D003A2A5F;
			remoteInfo = xpc_lite;
		};
/* End PBXContainerItemProxy section */

/* Begin PBXFileReference section */
		C91D419A255DAA6D003A2A5F /* ipc.framework */ = {isa = PBXFileReference; explicitFileType = wrapper.framework; includeInIndex = 0; path = ipc.framework; sourceTree = BUILT_PRODUCTS_DIR; };
		C91D419D255DAA6D003A2A5F /* ipc.h */ = {isa = PBXFileReference; lastKnownFileType = sourcecode.c.h; path = ipc.h; sourceTree = "<group>"; };
		C91D419E255DAA6D003A2A5F /* Info.plist */ = {isa = PBXFileReference; lastKnownFileType = text.plist.xml; path = Info.plist; sourceTree = "<group>"; };
		C91D41A6255DAAAE003A2A5F /* ipc_misc.c */ = {isa = PBXFileReference; fileEncoding = 4; lastKnownFileType = sourcecode.c.c; path = ipc_misc.c; sourceTree = "<group>"; };
		C91D41A8255DAAAE003A2A5F /* ipc_internal.h */ = {isa = PBXFileReference; fileEncoding = 4; lastKnownFileType = sourcecode.c.h; path = ipc_internal.h; sourceTree = "<group>"; };
		C91D41A9255DAAAE003A2A5F /* ipc_connection.c */ = {isa = PBXFileReference; fileEncoding = 4; lastKnownFileType = sourcecode.c.c; path = ipc_connection.c; sourceTree = "<group>"; };
		C91D41AA255DAAAE003A2A5F /* ipc_type.c */ = {isa = PBXFileReference; fileEncoding = 4; lastKnownFileType = sourcecode.c.c; path = ipc_type.c; sourceTree = "<group>"; };
		C91D41AB255DAAAF003A2A5F /* ipc_array.c */ = {isa = PBXFileReference; fileEncoding = 4; lastKnownFileType = sourcecode.c.c; path = ipc_array.c; sourceTree = "<group>"; };
		C91D41AD255DAAAF003A2A5F /* ipc_dictionary.c */ = {isa = PBXFileReference; fileEncoding = 4; lastKnownFileType = sourcecode.c.c; path = ipc_dictionary.c; sourceTree = "<group>"; };
		C91D41D5255DAF91003A2A5F /* daemon */ = {isa = PBXFileReference; explicitFileType = "compiled.mach-o.executable"; includeInIndex = 0; path = daemon; sourceTree = BUILT_PRODUCTS_DIR; };
		C91D41D7255DAF92003A2A5F /* Foundation.framework */ = {isa = PBXFileReference; lastKnownFileType = wrapper.framework; name = Foundation.framework; path = System/Library/Frameworks/Foundation.framework; sourceTree = SDKROOT; };
		C91D41DC255DAF92003A2A5F /* preinst */ = {isa = PBXFileReference; lastKnownFileType = text.script.sh; path = preinst; sourceTree = "<group>"; };
		C91D41DD255DAF92003A2A5F /* postinst */ = {isa = PBXFileReference; lastKnownFileType = text.script.sh; path = postinst; sourceTree = "<group>"; };
		C91D41DE255DAF92003A2A5F /* postrm */ = {isa = PBXFileReference; lastKnownFileType = text.script.sh; path = postrm; sourceTree = "<group>"; };
		C91D41DF255DAF92003A2A5F /* prerm */ = {isa = PBXFileReference; lastKnownFileType = text.script.sh; path = prerm; sourceTree = "<group>"; };
		C91D41E0255DAF92003A2A5F /* control */ = {isa = PBXFileReference; lastKnownFileType = text; path = control; sourceTree = "<group>"; };
		C91D41E1255DAF92003A2A5F /* control.txt */ = {isa = PBXFileReference; lastKnownFileType = text; path = control.txt; sourceTree = "<group>"; };
		C91D41E3255DAF92003A2A5F /* PackageVersion.plist */ = {isa = PBXFileReference; lastKnownFileType = text.plist.xml; path = PackageVersion.plist; sourceTree = "<group>"; };
		C91D41E4255DAF92003A2A5F /* daemon-Prefix.pch */ = {isa = PBXFileReference; lastKnownFileType = sourcecode.c.h; name = "daemon-Prefix.pch"; path = "../daemon-Prefix.pch"; sourceTree = "<group>"; };
		C91D41E5255DAF92003A2A5F /* main.m */ = {isa = PBXFileReference; lastKnownFileType = sourcecode.c.objc; path = main.m; sourceTree = "<group>"; };
		C91D41E9255DAF92003A2A5F /* net.ymlab.dev.daemon.plist */ = {isa = PBXFileReference; lastKnownFileType = text.plist.xml; path = net.ymlab.dev.daemon.plist; sourceTree = "<group>"; };
		C91D41ED255DB070003A2A5F /* global.xml */ = {isa = PBXFileReference; fileEncoding = 4; lastKnownFileType = text.xml; path = global.xml; sourceTree = "<group>"; };
		C91D41F5255DBE00003A2A5F /* demo.app */ = {isa = PBXFileReference; explicitFileType = wrapper.application; includeInIndex = 0; path = demo.app; sourceTree = BUILT_PRODUCTS_DIR; };
		C91D41F7255DBE00003A2A5F /* AppDelegate.h */ = {isa = PBXFileReference; lastKnownFileType = sourcecode.c.h; path = AppDelegate.h; sourceTree = "<group>"; };
		C91D41F8255DBE00003A2A5F /* AppDelegate.m */ = {isa = PBXFileReference; lastKnownFileType = sourcecode.c.objc; path = AppDelegate.m; sourceTree = "<group>"; };
		C91D41FA255DBE00003A2A5F /* SceneDelegate.h */ = {isa = PBXFileReference; lastKnownFileType = sourcecode.c.h; path = SceneDelegate.h; sourceTree = "<group>"; };
		C91D41FB255DBE00003A2A5F /* SceneDelegate.m */ = {isa = PBXFileReference; lastKnownFileType = sourcecode.c.objc; path = SceneDelegate.m; sourceTree = "<group>"; };
		C91D41FD255DBE00003A2A5F /* ViewController.h */ = {isa = PBXFileReference; lastKnownFileType = sourcecode.c.h; path = ViewController.h; sourceTree = "<group>"; };
		C91D41FE255DBE00003A2A5F /* ViewController.m */ = {isa = PBXFileReference; lastKnownFileType = sourcecode.c.objc; path = ViewController.m; sourceTree = "<group>"; };
		C91D4201255DBE00003A2A5F /* Base */ = {isa = PBXFileReference; lastKnownFileType = file.storyboard; name = Base; path = Base.lproj/Main.storyboard; sourceTree = "<group>"; };
		C91D4203255DBE02003A2A5F /* Assets.xcassets */ = {isa = PBXFileReference; lastKnownFileType = folder.assetcatalog; path = Assets.xcassets; sourceTree = "<group>"; };
		C91D4206255DBE02003A2A5F /* Base */ = {isa = PBXFileReference; lastKnownFileType = file.storyboard; name = Base; path = Base.lproj/LaunchScreen.storyboard; sourceTree = "<group>"; };
		C91D4208255DBE02003A2A5F /* Info.plist */ = {isa = PBXFileReference; lastKnownFileType = text.plist.xml; path = Info.plist; sourceTree = "<group>"; };
		C91D4209255DBE02003A2A5F /* main.m */ = {isa = PBXFileReference; lastKnownFileType = sourcecode.c.objc; path = main.m; sourceTree = "<group>"; };
		C91D4239255EDECD003A2A5F /* mpack.h */ = {isa = PBXFileReference; fileEncoding = 4; lastKnownFileType = sourcecode.c.h; path = mpack.h; sourceTree = "<group>"; };
		C91D423A255EDECD003A2A5F /* mpack-config.h */ = {isa = PBXFileReference; fileEncoding = 4; lastKnownFileType = sourcecode.c.h; path = "mpack-config.h"; sourceTree = "<group>"; };
		C91D423B255EDECD003A2A5F /* mpack.c */ = {isa = PBXFileReference; fileEncoding = 4; lastKnownFileType = sourcecode.c.c; path = mpack.c; sourceTree = "<group>"; };
		C9233CEE25601B4400148EEE /* ipc_array.h */ = {isa = PBXFileReference; lastKnownFileType = sourcecode.c.h; path = ipc_array.h; sourceTree = "<group>"; };
		C9233CF025601BD900148EEE /* ipc_dictionary.h */ = {isa = PBXFileReference; lastKnownFileType = sourcecode.c.h; path = ipc_dictionary.h; sourceTree = "<group>"; };
		C9233CF22560386C00148EEE /* ipc_connection.h */ = {isa = PBXFileReference; lastKnownFileType = sourcecode.c.h; path = ipc_connection.h; sourceTree = "<group>"; };
		C9233CF62560440D00148EEE /* unix.c */ = {isa = PBXFileReference; fileEncoding = 4; lastKnownFileType = sourcecode.c.c; path = unix.c; sourceTree = "<group>"; };
		C95A8E9D25839EC2005A693F /* base.h */ = {isa = PBXFileReference; fileEncoding = 4; lastKnownFileType = sourcecode.c.h; path = base.h; sourceTree = "<group>"; };
/* End PBXFileReference section */

/* Begin PBXFrameworksBuildPhase section */
		C91D4197255DAA6D003A2A5F /* Frameworks */ = {
			isa = PBXFrameworksBuildPhase;
			buildActionMask = 2147483647;
			files = (
			);
			runOnlyForDeploymentPostprocessing = 0;
		};
		C91D41D1255DAF91003A2A5F /* Frameworks */ = {
			isa = PBXFrameworksBuildPhase;
			buildActionMask = 2147483647;
			files = (
				C91D41F0255DB0E5003A2A5F /* ipc.framework in Frameworks */,
				C91D41D8255DAF92003A2A5F /* Foundation.framework in Frameworks */,
			);
			runOnlyForDeploymentPostprocessing = 0;
		};
		C91D41F2255DBE00003A2A5F /* Frameworks */ = {
			isa = PBXFrameworksBuildPhase;
			buildActionMask = 2147483647;
			files = (
				C91D4210255DBE16003A2A5F /* ipc.framework in Frameworks */,
			);
			runOnlyForDeploymentPostprocessing = 0;
		};
/* End PBXFrameworksBuildPhase section */

/* Begin PBXGroup section */
		C91D4190255DAA6D003A2A5F = {
			isa = PBXGroup;
			children = (
				C91D419C255DAA6D003A2A5F /* ipc */,
				C91D41D9255DAF92003A2A5F /* daemon */,
				C91D41F6255DBE00003A2A5F /* demo */,
				C91D41D6255DAF92003A2A5F /* Frameworks */,
				C91D419B255DAA6D003A2A5F /* Products */,
			);
			sourceTree = "<group>";
		};
		C91D419B255DAA6D003A2A5F /* Products */ = {
			isa = PBXGroup;
			children = (
				C91D419A255DAA6D003A2A5F /* ipc.framework */,
				C91D41D5255DAF91003A2A5F /* daemon */,
				C91D41F5255DBE00003A2A5F /* demo.app */,
			);
			name = Products;
			sourceTree = "<group>";
		};
		C91D419C255DAA6D003A2A5F /* ipc */ = {
			isa = PBXGroup;
			children = (
				C91D419D255DAA6D003A2A5F /* ipc.h */,
				C95A8E9D25839EC2005A693F /* base.h */,
				C91D41AB255DAAAF003A2A5F /* ipc_array.c */,
				C9233CEE25601B4400148EEE /* ipc_array.h */,
				C91D41A9255DAAAE003A2A5F /* ipc_connection.c */,
				C9233CF22560386C00148EEE /* ipc_connection.h */,
				C91D41AD255DAAAF003A2A5F /* ipc_dictionary.c */,
				C9233CF025601BD900148EEE /* ipc_dictionary.h */,
				C91D41A8255DAAAE003A2A5F /* ipc_internal.h */,
				C91D41A6255DAAAE003A2A5F /* ipc_misc.c */,
				C91D41AA255DAAAE003A2A5F /* ipc_type.c */,
				C91D423A255EDECD003A2A5F /* mpack-config.h */,
				C91D423B255EDECD003A2A5F /* mpack.c */,
				C91D4239255EDECD003A2A5F /* mpack.h */,
				C9233CF62560440D00148EEE /* unix.c */,
				C91D419E255DAA6D003A2A5F /* Info.plist */,
			);
			path = ipc;
			sourceTree = "<group>";
		};
		C91D41D6255DAF92003A2A5F /* Frameworks */ = {
			isa = PBXGroup;
			children = (
				C91D41D7255DAF92003A2A5F /* Foundation.framework */,
			);
			name = Frameworks;
			sourceTree = "<group>";
		};
		C91D41D9255DAF92003A2A5F /* daemon */ = {
			isa = PBXGroup;
			children = (
				C91D41ED255DB070003A2A5F /* global.xml */,
				C91D41E5255DAF92003A2A5F /* main.m */,
				C91D41DA255DAF92003A2A5F /* Package */,
				C91D41E2255DAF92003A2A5F /* Supporting Files */,
			);
			path = daemon;
			sourceTree = "<group>";
		};
		C91D41DA255DAF92003A2A5F /* Package */ = {
			isa = PBXGroup;
			children = (
				C91D41DB255DAF92003A2A5F /* DEBIAN */,
				C91D41E7255DAF92003A2A5F /* Library */,
			);
			path = Package;
			sourceTree = "<group>";
		};
		C91D41DB255DAF92003A2A5F /* DEBIAN */ = {
			isa = PBXGroup;
			children = (
				C91D41DC255DAF92003A2A5F /* preinst */,
				C91D41DD255DAF92003A2A5F /* postinst */,
				C91D41DE255DAF92003A2A5F /* postrm */,
				C91D41DF255DAF92003A2A5F /* prerm */,
				C91D41E0255DAF92003A2A5F /* control */,
				C91D41E1255DAF92003A2A5F /* control.txt */,
			);
			path = DEBIAN;
			sourceTree = "<group>";
		};
		C91D41E2255DAF92003A2A5F /* Supporting Files */ = {
			isa = PBXGroup;
			children = (
				C91D41E3255DAF92003A2A5F /* PackageVersion.plist */,
				C91D41E4255DAF92003A2A5F /* daemon-Prefix.pch */,
			);
			path = "Supporting Files";
			sourceTree = "<group>";
		};
		C91D41E7255DAF92003A2A5F /* Library */ = {
			isa = PBXGroup;
			children = (
				C91D41E8255DAF92003A2A5F /* LaunchDaemons */,
			);
			path = Library;
			sourceTree = "<group>";
		};
		C91D41E8255DAF92003A2A5F /* LaunchDaemons */ = {
			isa = PBXGroup;
			children = (
				C91D41E9255DAF92003A2A5F /* net.ymlab.dev.daemon.plist */,
			);
			path = LaunchDaemons;
			sourceTree = "<group>";
		};
		C91D41F6255DBE00003A2A5F /* demo */ = {
			isa = PBXGroup;
			children = (
				C91D41F7255DBE00003A2A5F /* AppDelegate.h */,
				C91D41F8255DBE00003A2A5F /* AppDelegate.m */,
				C91D41FA255DBE00003A2A5F /* SceneDelegate.h */,
				C91D41FB255DBE00003A2A5F /* SceneDelegate.m */,
				C91D41FD255DBE00003A2A5F /* ViewController.h */,
				C91D41FE255DBE00003A2A5F /* ViewController.m */,
				C91D4200255DBE00003A2A5F /* Main.storyboard */,
				C91D4203255DBE02003A2A5F /* Assets.xcassets */,
				C91D4205255DBE02003A2A5F /* LaunchScreen.storyboard */,
				C91D4208255DBE02003A2A5F /* Info.plist */,
				C91D4209255DBE02003A2A5F /* main.m */,
			);
			path = demo;
			sourceTree = "<group>";
		};
/* End PBXGroup section */

/* Begin PBXHeadersBuildPhase section */
		C91D4195255DAA6D003A2A5F /* Headers */ = {
			isa = PBXHeadersBuildPhase;
			buildActionMask = 2147483647;
			files = (
				C91D423D255EDECE003A2A5F /* mpack-config.h in Headers */,
				C9233CEF25601B4400148EEE /* ipc_array.h in Headers */,
				C9233CF125601BE000148EEE /* ipc_dictionary.h in Headers */,
				C95A8E9E25839EC2005A693F /* base.h in Headers */,
				C9233CF32560386C00148EEE /* ipc_connection.h in Headers */,
				C91D423C255EDECD003A2A5F /* mpack.h in Headers */,
				C91D41B1255DAAAF003A2A5F /* ipc_internal.h in Headers */,
				C91D419F255DAA6D003A2A5F /* ipc.h in Headers */,
			);
			runOnlyForDeploymentPostprocessing = 0;
		};
		C91D41D2255DAF91003A2A5F /* Headers */ = {
			isa = PBXHeadersBuildPhase;
			buildActionMask = 2147483647;
			files = (
			);
			runOnlyForDeploymentPostprocessing = 0;
		};
/* End PBXHeadersBuildPhase section */

/* Begin PBXNativeTarget section */
		C91D4199255DAA6D003A2A5F /* ipc */ = {
			isa = PBXNativeTarget;
			buildConfigurationList = C91D41A2255DAA6D003A2A5F /* Build configuration list for PBXNativeTarget "ipc" */;
			buildPhases = (
				C91D4195255DAA6D003A2A5F /* Headers */,
				C91D4196255DAA6D003A2A5F /* Sources */,
				C91D4197255DAA6D003A2A5F /* Frameworks */,
				C91D4198255DAA6D003A2A5F /* Resources */,
			);
			buildRules = (
			);
			dependencies = (
			);
			name = ipc;
			productName = XPCLite;
			productReference = C91D419A255DAA6D003A2A5F /* ipc.framework */;
			productType = "com.apple.product-type.framework";
		};
		C91D41D4255DAF91003A2A5F /* daemon */ = {
			isa = PBXNativeTarget;
			buildConfigurationList = C91D41EA255DAF92003A2A5F /* Build configuration list for PBXNativeTarget "daemon" */;
			buildPhases = (
				C91D41CF255DAF91003A2A5F /* ShellScript */,
				C91D41D0255DAF91003A2A5F /* Sources */,
				C91D41D1255DAF91003A2A5F /* Frameworks */,
				C91D41D2255DAF91003A2A5F /* Headers */,
				C91D41D3255DAF91003A2A5F /* ShellScript */,
			);
			buildRules = (
			);
			dependencies = (
				C91D41EF255DB0E0003A2A5F /* PBXTargetDependency */,
			);
			name = daemon;
			productName = daemon;
			productReference = C91D41D5255DAF91003A2A5F /* daemon */;
			productType = "com.apple.product-type.tool";
		};
		C91D41F4255DBE00003A2A5F /* demo */ = {
			isa = PBXNativeTarget;
			buildConfigurationList = C91D420B255DBE02003A2A5F /* Build configuration list for PBXNativeTarget "demo" */;
			buildPhases = (
				C91D41F1255DBE00003A2A5F /* Sources */,
				C91D41F2255DBE00003A2A5F /* Frameworks */,
				C91D41F3255DBE00003A2A5F /* Resources */,
			);
			buildRules = (
			);
			dependencies = (
				C91D420F255DBE12003A2A5F /* PBXTargetDependency */,
			);
			name = demo;
			productName = demo;
			productReference = C91D41F5255DBE00003A2A5F /* demo.app */;
			productType = "com.apple.product-type.application";
		};
/* End PBXNativeTarget section */

/* Begin PBXProject section */
		C91D4191255DAA6D003A2A5F /* Project object */ = {
			isa = PBXProject;
			attributes = {
				LastUpgradeCheck = 1140;
				ORGANIZATIONNAME = "猿码工作室（https://ymlab.net）";
				TargetAttributes = {
					C91D4199255DAA6D003A2A5F = {
						CreatedOnToolsVersion = 11.4;
					};
					C91D41D4255DAF91003A2A5F = {
						CreatedOnToolsVersion = 11.4;
					};
					C91D41F4255DBE00003A2A5F = {
						CreatedOnToolsVersion = 11.4;
					};
				};
			};
			buildConfigurationList = C91D4194255DAA6D003A2A5F /* Build configuration list for PBXProject "ipc" */;
			compatibilityVersion = "Xcode 9.3";
			developmentRegion = en;
			hasScannedForEncodings = 0;
			knownRegions = (
				en,
				Base,
			);
			mainGroup = C91D4190255DAA6D003A2A5F;
			productRefGroup = C91D419B255DAA6D003A2A5F /* Products */;
			projectDirPath = "";
			projectRoot = "";
			targets = (
				C91D4199255DAA6D003A2A5F /* ipc */,
				C91D41D4255DAF91003A2A5F /* daemon */,
				C91D41F4255DBE00003A2A5F /* demo */,
			);
		};
/* End PBXProject section */

/* Begin PBXResourcesBuildPhase section */
		C91D4198255DAA6D003A2A5F /* Resources */ = {
			isa = PBXResourcesBuildPhase;
			buildActionMask = 2147483647;
			files = (
			);
			runOnlyForDeploymentPostprocessing = 0;
		};
		C91D41F3255DBE00003A2A5F /* Resources */ = {
			isa = PBXResourcesBuildPhase;
			buildActionMask = 2147483647;
			files = (
				C91D4207255DBE02003A2A5F /* LaunchScreen.storyboard in Resources */,
				C91D4204255DBE02003A2A5F /* Assets.xcassets in Resources */,
				C91D4202255DBE00003A2A5F /* Main.storyboard in Resources */,
			);
			runOnlyForDeploymentPostprocessing = 0;
		};
/* End PBXResourcesBuildPhase section */

/* Begin PBXShellScriptBuildPhase section */
		C91D41CF255DAF91003A2A5F /* ShellScript */ = {
			isa = PBXShellScriptBuildPhase;
			buildActionMask = 2147483647;
			files = (
			);
			inputFileListPaths = (
			);
			inputPaths = (
			);
			outputFileListPaths = (
			);
			outputPaths = (
			);
			runOnlyForDeploymentPostprocessing = 0;
			shellPath = /bin/sh;
			shellScript = "#!/bin/sh\n\n# 自动更新deb包版本号\necho $CONFIGURATION\nif [ \"Release\" == \"${CONFIGURATION}\" ]; then\n    if [ \"${EasyDevUsePackageVersionPList}\" == \"YES\" ]; then\n        packInfoPlist=\"${PROJECT_DIR}/${TARGET_NAME}/Supporting Files/PackageVersion.plist\"\n        # 兼容旧版工程\n        if [ ! -f \"${packInfoPlist}\" ]; then\n            packInfoPlist=\"${PROJECT_DIR}/${TARGET_NAME}/PackageVersion.plist\"\n        fi\n        buildNumber=$(/usr/libexec/PlistBuddy -c \"Print PackageRevision\" \"${packInfoPlist}\")\n        buildNumber=$(($buildNumber + 1))\n        /usr/libexec/PlistBuddy -c \"Set :PackageRevision $buildNumber\" \"${packInfoPlist}\"\n        echo \"build number increase\"\n    fi\nfi\n";
		};
		C91D41D3255DAF91003A2A5F /* ShellScript */ = {
			isa = PBXShellScriptBuildPhase;
			buildActionMask = 2147483647;
			files = (
			);
			inputFileListPaths = (
			);
			inputPaths = (
			);
			outputFileListPaths = (
			);
			outputPaths = (
			);
			runOnlyForDeploymentPostprocessing = 0;
			shellPath = /bin/sh;
			shellScript = "/opt/EasyDev/bin/ed --xcbp";
		};
/* End PBXShellScriptBuildPhase section */

/* Begin PBXSourcesBuildPhase section */
		C91D4196255DAA6D003A2A5F /* Sources */ = {
			isa = PBXSourcesBuildPhase;
			buildActionMask = 2147483647;
			files = (
				C91D41B4255DAAAF003A2A5F /* ipc_array.c in Sources */,
				C91D41B2255DAAAF003A2A5F /* ipc_connection.c in Sources */,
				C91D41B6255DAAAF003A2A5F /* ipc_dictionary.c in Sources */,
				C91D41AF255DAAAF003A2A5F /* ipc_misc.c in Sources */,
				C9233CF72560440D00148EEE /* unix.c in Sources */,
				C91D41B3255DAAAF003A2A5F /* ipc_type.c in Sources */,
				C91D423E255EDECE003A2A5F /* mpack.c in Sources */,
			);
			runOnlyForDeploymentPostprocessing = 0;
		};
		C91D41D0255DAF91003A2A5F /* Sources */ = {
			isa = PBXSourcesBuildPhase;
			buildActionMask = 2147483647;
			files = (
				C91D41E6255DAF92003A2A5F /* main.m in Sources */,
			);
			runOnlyForDeploymentPostprocessing = 0;
		};
		C91D41F1255DBE00003A2A5F /* Sources */ = {
			isa = PBXSourcesBuildPhase;
			buildActionMask = 2147483647;
			files = (
				C91D41FF255DBE00003A2A5F /* ViewController.m in Sources */,
				C91D41F9255DBE00003A2A5F /* AppDelegate.m in Sources */,
				C91D420A255DBE02003A2A5F /* main.m in Sources */,
				C91D41FC255DBE00003A2A5F /* SceneDelegate.m in Sources */,
			);
			runOnlyForDeploymentPostprocessing = 0;
		};
/* End PBXSourcesBuildPhase section */

/* Begin PBXTargetDependency section */
		C91D41EF255DB0E0003A2A5F /* PBXTargetDependency */ = {
			isa = PBXTargetDependency;
			target = C91D4199255DAA6D003A2A5F /* ipc */;
			targetProxy = C91D41EE255DB0E0003A2A5F /* PBXContainerItemProxy */;
		};
		C91D420F255DBE12003A2A5F /* PBXTargetDependency */ = {
			isa = PBXTargetDependency;
			target = C91D4199255DAA6D003A2A5F /* ipc */;
			targetProxy = C91D420E255DBE12003A2A5F /* PBXContainerItemProxy */;
		};
/* End PBXTargetDependency section */

/* Begin PBXVariantGroup section */
		C91D4200255DBE00003A2A5F /* Main.storyboard */ = {
			isa = PBXVariantGroup;
			children = (
				C91D4201255DBE00003A2A5F /* Base */,
			);
			name = Main.storyboard;
			sourceTree = "<group>";
		};
		C91D4205255DBE02003A2A5F /* LaunchScreen.storyboard */ = {
			isa = PBXVariantGroup;
			children = (
				C91D4206255DBE02003A2A5F /* Base */,
			);
			name = LaunchScreen.storyboard;
			sourceTree = "<group>";
		};
/* End PBXVariantGroup section */

/* Begin XCBuildConfiguration section */
		C91D41A0255DAA6D003A2A5F /* Debug */ = {
			isa = XCBuildConfiguration;
			buildSettings = {
				ALWAYS_SEARCH_USER_PATHS = NO;
				CLANG_ANALYZER_NONNULL = YES;
				CLANG_ANALYZER_NUMBER_OBJECT_CONVERSION = YES_AGGRESSIVE;
				CLANG_CXX_LANGUAGE_STANDARD = "gnu++14";
				CLANG_CXX_LIBRARY = "libc++";
				CLANG_ENABLE_MODULES = YES;
				CLANG_ENABLE_OBJC_ARC = YES;
				CLANG_ENABLE_OBJC_WEAK = YES;
				CLANG_WARN_BLOCK_CAPTURE_AUTORELEASING = YES;
				CLANG_WARN_BOOL_CONVERSION = YES;
				CLANG_WARN_COMMA = YES;
				CLANG_WARN_CONSTANT_CONVERSION = YES;
				CLANG_WARN_DEPRECATED_OBJC_IMPLEMENTATIONS = YES;
				CLANG_WARN_DIRECT_OBJC_ISA_USAGE = YES_ERROR;
				CLANG_WARN_DOCUMENTATION_COMMENTS = YES;
				CLANG_WARN_EMPTY_BODY = YES;
				CLANG_WARN_ENUM_CONVERSION = YES;
				CLANG_WARN_INFINITE_RECURSION = YES;
				CLANG_WARN_INT_CONVERSION = YES;
				CLANG_WARN_NON_LITERAL_NULL_CONVERSION = YES;
				CLANG_WARN_OBJC_IMPLICIT_RETAIN_SELF = YES;
				CLANG_WARN_OBJC_LITERAL_CONVERSION = YES;
				CLANG_WARN_OBJC_ROOT_CLASS = YES_ERROR;
				CLANG_WARN_RANGE_LOOP_ANALYSIS = YES;
				CLANG_WARN_STRICT_PROTOTYPES = YES;
				CLANG_WARN_SUSPICIOUS_MOVE = YES;
				CLANG_WARN_UNGUARDED_AVAILABILITY = YES_AGGRESSIVE;
				CLANG_WARN_UNREACHABLE_CODE = YES;
				CLANG_WARN__DUPLICATE_METHOD_MATCH = YES;
				COPY_PHASE_STRIP = NO;
				CURRENT_PROJECT_VERSION = 1;
				DEBUG_INFORMATION_FORMAT = dwarf;
				ENABLE_STRICT_OBJC_MSGSEND = YES;
				ENABLE_TESTABILITY = YES;
				GCC_C_LANGUAGE_STANDARD = gnu11;
				GCC_DYNAMIC_NO_PIC = NO;
				GCC_NO_COMMON_BLOCKS = YES;
				GCC_OPTIMIZATION_LEVEL = 0;
				GCC_PREPROCESSOR_DEFINITIONS = (
					"DEBUG=1",
					"$(inherited)",
				);
				GCC_WARN_64_TO_32_BIT_CONVERSION = YES;
				GCC_WARN_ABOUT_RETURN_TYPE = YES_ERROR;
				GCC_WARN_UNDECLARED_SELECTOR = YES;
				GCC_WARN_UNINITIALIZED_AUTOS = YES_AGGRESSIVE;
				GCC_WARN_UNUSED_FUNCTION = YES;
				GCC_WARN_UNUSED_VARIABLE = YES;
				IPHONEOS_DEPLOYMENT_TARGET = 13.4;
				MTL_ENABLE_DEBUG_INFO = INCLUDE_SOURCE;
				MTL_FAST_MATH = YES;
				ONLY_ACTIVE_ARCH = YES;
				SDKROOT = iphoneos;
				VERSIONING_SYSTEM = "apple-generic";
				VERSION_INFO_PREFIX = "";
			};
			name = Debug;
		};
		C91D41A1255DAA6D003A2A5F /* Release */ = {
			isa = XCBuildConfiguration;
			buildSettings = {
				ALWAYS_SEARCH_USER_PATHS = NO;
				CLANG_ANALYZER_NONNULL = YES;
				CLANG_ANALYZER_NUMBER_OBJECT_CONVERSION = YES_AGGRESSIVE;
				CLANG_CXX_LANGUAGE_STANDARD = "gnu++14";
				CLANG_CXX_LIBRARY = "libc++";
				CLANG_ENABLE_MODULES = YES;
				CLANG_ENABLE_OBJC_ARC = YES;
				CLANG_ENABLE_OBJC_WEAK = YES;
				CLANG_WARN_BLOCK_CAPTURE_AUTORELEASING = YES;
				CLANG_WARN_BOOL_CONVERSION = YES;
				CLANG_WARN_COMMA = YES;
				CLANG_WARN_CONSTANT_CONVERSION = YES;
				CLANG_WARN_DEPRECATED_OBJC_IMPLEMENTATIONS = YES;
				CLANG_WARN_DIRECT_OBJC_ISA_USAGE = YES_ERROR;
				CLANG_WARN_DOCUMENTATION_COMMENTS = YES;
				CLANG_WARN_EMPTY_BODY = YES;
				CLANG_WARN_ENUM_CONVERSION = YES;
				CLANG_WARN_INFINITE_RECURSION = YES;
				CLANG_WARN_INT_CONVERSION = YES;
				CLANG_WARN_NON_LITERAL_NULL_CONVERSION = YES;
				CLANG_WARN_OBJC_IMPLICIT_RETAIN_SELF = YES;
				CLANG_WARN_OBJC_LITERAL_CONVERSION = YES;
				CLANG_WARN_OBJC_ROOT_CLASS = YES_ERROR;
				CLANG_WARN_RANGE_LOOP_ANALYSIS = YES;
				CLANG_WARN_STRICT_PROTOTYPES = YES;
				CLANG_WARN_SUSPICIOUS_MOVE = YES;
				CLANG_WARN_UNGUARDED_AVAILABILITY = YES_AGGRESSIVE;
				CLANG_WARN_UNREACHABLE_CODE = YES;
				CLANG_WARN__DUPLICATE_METHOD_MATCH = YES;
				COPY_PHASE_STRIP = NO;
				CURRENT_PROJECT_VERSION = 1;
				DEBUG_INFORMATION_FORMAT = "dwarf-with-dsym";
				ENABLE_NS_ASSERTIONS = NO;
				ENABLE_STRICT_OBJC_MSGSEND = YES;
				GCC_C_LANGUAGE_STANDARD = gnu11;
				GCC_NO_COMMON_BLOCKS = YES;
				GCC_WARN_64_TO_32_BIT_CONVERSION = YES;
				GCC_WARN_ABOUT_RETURN_TYPE = YES_ERROR;
				GCC_WARN_UNDECLARED_SELECTOR = YES;
				GCC_WARN_UNINITIALIZED_AUTOS = YES_AGGRESSIVE;
				GCC_WARN_UNUSED_FUNCTION = YES;
				GCC_WARN_UNUSED_VARIABLE = YES;
				IPHONEOS_DEPLOYMENT_TARGET = 13.4;
				MTL_ENABLE_DEBUG_INFO = NO;
				MTL_FAST_MATH = YES;
				SDKROOT = iphoneos;
				VALIDATE_PRODUCT = YES;
				VERSIONING_SYSTEM = "apple-generic";
				VERSION_INFO_PREFIX = "";
			};
			name = Release;
		};
		C91D41A3255DAA6D003A2A5F /* Debug */ = {
			isa = XCBuildConfiguration;
			buildSettings = {
				CODE_SIGN_STYLE = Automatic;
				DEFINES_MODULE = YES;
				DEVELOPMENT_TEAM = QW3A7VF8DU;
				DYLIB_COMPATIBILITY_VERSION = 1;
				DYLIB_CURRENT_VERSION = 1;
				DYLIB_INSTALL_NAME_BASE = "@rpath";
				GCC_PREPROCESSOR_DEFINITIONS = (
					"$(inherited)",
					IPC_DEBUG,
				);
				INFOPLIST_FILE = "${TARGET_NAME}/Info.plist";
				INSTALL_PATH = "$(LOCAL_LIBRARY_DIR)/Frameworks";
				IPHONEOS_DEPLOYMENT_TARGET = 8.0;
				LD_RUNPATH_SEARCH_PATHS = (
					"$(inherited)",
					"@executable_path/Frameworks",
					"@loader_path/Frameworks",
				);
				MACH_O_TYPE = staticlib;
				MACOSX_DEPLOYMENT_TARGET = 10.10;
				PRODUCT_BUNDLE_IDENTIFIER = net.ymlab.dev.ipc;
				PRODUCT_NAME = "$(TARGET_NAME:c99extidentifier)";
				SDKROOT = iphoneos;
				SKIP_INSTALL = YES;
				TARGETED_DEVICE_FAMILY = "1,2";
				VALID_ARCHS = "i386 x86_64 arm64 arm64e armv7 armv7s";
			};
			name = Debug;
		};
		C91D41A4255DAA6D003A2A5F /* Release */ = {
			isa = XCBuildConfiguration;
			buildSettings = {
				CODE_SIGN_STYLE = Automatic;
				DEFINES_MODULE = YES;
				DEVELOPMENT_TEAM = QW3A7VF8DU;
				DYLIB_COMPATIBILITY_VERSION = 1;
				DYLIB_CURRENT_VERSION = 1;
				DYLIB_INSTALL_NAME_BASE = "@rpath";
				INFOPLIST_FILE = "${TARGET_NAME}/Info.plist";
				INSTALL_PATH = "$(LOCAL_LIBRARY_DIR)/Frameworks";
				IPHONEOS_DEPLOYMENT_TARGET = 8.0;
				LD_RUNPATH_SEARCH_PATHS = (
					"$(inherited)",
					"@executable_path/Frameworks",
					"@loader_path/Frameworks",
				);
				MACH_O_TYPE = staticlib;
				MACOSX_DEPLOYMENT_TARGET = 10.10;
				PRODUCT_BUNDLE_IDENTIFIER = net.ymlab.dev.ipc;
				PRODUCT_NAME = "$(TARGET_NAME:c99extidentifier)";
				SDKROOT = iphoneos;
				SKIP_INSTALL = YES;
				TARGETED_DEVICE_FAMILY = "1,2";
				VALID_ARCHS = "i386 x86_64 arm64 arm64e armv7 armv7s";
			};
			name = Release;
		};
		C91D41EB255DAF92003A2A5F /* Debug */ = {
			isa = XCBuildConfiguration;
			buildSettings = {
				CLANG_WARN_OBJC_IMPLICIT_RETAIN_SELF = NO;
				CODE_SIGN_ENTITLEMENTS = "$(TARGET_NAME)/global.xml";
				CODE_SIGN_IDENTITY = "iPhone Developer";
				CODE_SIGN_STYLE = Automatic;
				DEVELOPMENT_TEAM = QW3A7VF8DU;
				ENABLE_BITCODE = NO;
				EXCLUDED_RECURSIVE_SEARCH_PATH_SUBDIRECTORIES = "*.nib *.lproj *.gch (*) .DS_Store CVS .svn .git .hg *.xcodeproj *.xcode *.pbproj *.pbxproj";
				EasyDevAlsoBuildZipPackageOnAnyBuild = NO;
				EasyDevBuildPackageOnAnyBuild = NO;
				EasyDevClearUiCacheOnInstall = NO;
				EasyDevCopyExecutableOnAnyBuild = NO;
				EasyDevDeviceIP = "";
				EasyDevDevicePort = "";
				EasyDevInstallOnAnyBuild = NO;
				EasyDevInstallOnProfiling = NO;
				EasyDevKillProcessName = "";
				EasyDevKillProcessOnInstall = NO;
				EasyDevPath = /opt/EasyDev;
				EasyDevTheosPath = /opt/theos;
				EasyDevUsePackageVersionPList = YES;
				FRAMEWORK_SEARCH_PATHS = (
					"$(inherited)",
					"$(EasyDevPath)/frameworks",
					"$(EasyDevTheosPath)/vendor/lib",
				);
				GCC_C_LANGUAGE_STANDARD = gnu99;
				GCC_PRECOMPILE_PREFIX_HEADER = YES;
				GCC_PREFIX_HEADER = "daemon/daemon-Prefix.pch";
				GCC_SYMBOLS_PRIVATE_EXTERN = NO;
				GCC_WARN_ABOUT_MISSING_PROTOTYPES = YES;
				GCC_WARN_ABOUT_RETURN_TYPE = YES;
				GCC_WARN_UNDECLARED_SELECTOR = NO;
				HEADER_SEARCH_PATHS = (
					"$(inherited)",
					"$(EasyDevPath)/include",
					"$(EasyDevTheosPath)/vendor/include",
				);
				INSTALL_PATH = /usr/bin;
				IPHONEOS_DEPLOYMENT_TARGET = 8.0;
				LIBRARY_SEARCH_PATHS = (
					"$(inherited)",
					"$(EasyDevTheosPath)/vendor/lib",
				);
				PRODUCT_NAME = "$(TARGET_NAME)";
				SUPPORTED_PLATFORMS = "iphonesimulator iphoneos";
				TARGETED_DEVICE_FAMILY = "1,2";
				VALIDATE_PRODUCT = NO;
			};
			name = Debug;
		};
		C91D41EC255DAF92003A2A5F /* Release */ = {
			isa = XCBuildConfiguration;
			buildSettings = {
				CLANG_WARN_OBJC_IMPLICIT_RETAIN_SELF = NO;
				CODE_SIGN_ENTITLEMENTS = "$(TARGET_NAME)/global.xml";
				CODE_SIGN_IDENTITY = "iPhone Developer";
				CODE_SIGN_STYLE = Automatic;
				COPY_PHASE_STRIP = YES;
				DEPLOYMENT_POSTPROCESSING = YES;
				DEVELOPMENT_TEAM = QW3A7VF8DU;
				ENABLE_BITCODE = NO;
				EXCLUDED_RECURSIVE_SEARCH_PATH_SUBDIRECTORIES = "*.nib *.lproj *.gch (*) .DS_Store CVS .svn .git .hg *.xcodeproj *.xcode *.pbproj *.pbxproj";
				EasyDevAlsoBuildZipPackageOnAnyBuild = NO;
				EasyDevBuildPackageOnAnyBuild = NO;
				EasyDevClearUiCacheOnInstall = NO;
				EasyDevCopyExecutableOnAnyBuild = NO;
				EasyDevDeviceIP = "";
				EasyDevDevicePort = "";
				EasyDevInstallOnAnyBuild = NO;
				EasyDevInstallOnProfiling = NO;
				EasyDevKillProcessName = "";
				EasyDevKillProcessOnInstall = NO;
				EasyDevPath = /opt/EasyDev;
				EasyDevTheosPath = /opt/theos;
				EasyDevUsePackageVersionPList = YES;
				FRAMEWORK_SEARCH_PATHS = (
					"$(inherited)",
					"$(EasyDevPath)/frameworks",
					"$(EasyDevTheosPath)/vendor/lib",
				);
				GCC_C_LANGUAGE_STANDARD = gnu99;
				GCC_PRECOMPILE_PREFIX_HEADER = YES;
				GCC_PREFIX_HEADER = "daemon/daemon-Prefix.pch";
				GCC_SYMBOLS_PRIVATE_EXTERN = YES;
				GCC_WARN_ABOUT_MISSING_PROTOTYPES = YES;
				GCC_WARN_ABOUT_RETURN_TYPE = YES;
				GCC_WARN_UNDECLARED_SELECTOR = NO;
				HEADER_SEARCH_PATHS = (
					"$(inherited)",
					"$(EasyDevPath)/include",
					"$(EasyDevTheosPath)/vendor/include",
				);
				INSTALL_PATH = /usr/bin;
				IPHONEOS_DEPLOYMENT_TARGET = 8.0;
				LIBRARY_SEARCH_PATHS = (
					"$(inherited)",
					"$(EasyDevTheosPath)/vendor/lib",
				);
				ONLY_ACTIVE_ARCH = NO;
				PRODUCT_NAME = "$(TARGET_NAME)";
				SUPPORTED_PLATFORMS = "iphonesimulator iphoneos";
				TARGETED_DEVICE_FAMILY = "1,2";
			};
			name = Release;
		};
		C91D420C255DBE02003A2A5F /* Debug */ = {
			isa = XCBuildConfiguration;
			buildSettings = {
				ASSETCATALOG_COMPILER_APPICON_NAME = AppIcon;
				CLANG_ENABLE_OBJC_ARC = YES;
				CODE_SIGN_STYLE = Automatic;
				DEVELOPMENT_TEAM = 6P7YA65GX6;
				ENABLE_BITCODE = NO;
				INFOPLIST_FILE = demo/Info.plist;
				IPHONEOS_DEPLOYMENT_TARGET = 9.0;
				LD_RUNPATH_SEARCH_PATHS = (
					"$(inherited)",
					"@executable_path/Frameworks",
				);
				PRODUCT_BUNDLE_IDENTIFIER = net.ymlab.dev.demo;
				PRODUCT_NAME = "$(TARGET_NAME)";
				TARGETED_DEVICE_FAMILY = "1,2";
			};
			name = Debug;
		};
		C91D420D255DBE02003A2A5F /* Release */ = {
			isa = XCBuildConfiguration;
			buildSettings = {
				ASSETCATALOG_COMPILER_APPICON_NAME = AppIcon;
				CLANG_ENABLE_OBJC_ARC = YES;
				CODE_SIGN_STYLE = Automatic;
				DEVELOPMENT_TEAM = 6P7YA65GX6;
				ENABLE_BITCODE = NO;
				INFOPLIST_FILE = demo/Info.plist;
				IPHONEOS_DEPLOYMENT_TARGET = 9.0;
				LD_RUNPATH_SEARCH_PATHS = (
					"$(inherited)",
					"@executable_path/Frameworks",
				);
				PRODUCT_BUNDLE_IDENTIFIER = net.ymlab.dev.demo;
				PRODUCT_NAME = "$(TARGET_NAME)";
				TARGETED_DEVICE_FAMILY = "1,2";
			};
			name = Release;
		};
/* End XCBuildConfiguration section */

/* Begin XCConfigurationList section */
		C91D4194255DAA6D003A2A5F /* Build configuration list for PBXProject "ipc" */ = {
			isa = XCConfigurationList;
			buildConfigurations = (
				C91D41A0255DAA6D003A2A5F /* Debug */,
				C91D41A1255DAA6D003A2A5F /* Release */,
			);
			defaultConfigurationIsVisible = 0;
			defaultConfigurationName = Release;
		};
		C91D41A2255DAA6D003A2A5F /* Build configuration list for PBXNativeTarget "ipc" */ = {
			isa = XCConfigurationList;
			buildConfigurations = (
				C91D41A3255DAA6D003A2A5F /* Debug */,
				C91D41A4255DAA6D003A2A5F /* Release */,
			);
			defaultConfigurationIsVisible = 0;
			defaultConfigurationName = Release;
		};
		C91D41EA255DAF92003A2A5F /* Build configuration list for PBXNativeTarget "daemon" */ = {
			isa = XCConfigurationList;
			buildConfigurations = (
				C91D41EB255DAF92003A2A5F /* Debug */,
				C91D41EC255DAF92003A2A5F /* Release */,
			);
			defaultConfigurationIsVisible = 0;
			defaultConfigurationName = Release;
		};
		C91D420B255DBE02003A2A5F /* Build configuration list for PBXNativeTarget "demo" */ = {
			isa = XCConfigurationList;
			buildConfigurations = (
				C91D420C255DBE02003A2A5F /* Debug */,
				C91D420D255DBE02003A2A5F /* Release */,
			);
			defaultConfigurationIsVisible = 0;
			defaultConfigurationName = Release;
		};
/* End XCConfigurationList section */
	};
	rootObject = C91D4191255DAA6D003A2A5F /* Project object */;
}
